// !$*UTF8*$!
{
	archiveVersion = 1;
	classes = {
	};
	objectVersion = 46;
	objects = {

/* Begin PBXBuildFile section */
		261A32421B8E0DA7007CF361 /* main.m in Sources */ = {isa = PBXBuildFile; fileRef = 261A32411B8E0DA7007CF361 /* main.m */; };
		261A32451B8E0DA7007CF361 /* AppDelegate.m in Sources */ = {isa = PBXBuildFile; fileRef = 261A32441B8E0DA7007CF361 /* AppDelegate.m */; };
		261A32481B8E0DA7007CF361 /* ViewController.m in Sources */ = {isa = PBXBuildFile; fileRef = 261A32471B8E0DA7007CF361 /* ViewController.m */; };
		261A324B1B8E0DA7007CF361 /* Main.storyboard in Resources */ = {isa = PBXBuildFile; fileRef = 261A32491B8E0DA7007CF361 /* Main.storyboard */; };
		261A324D1B8E0DA7007CF361 /* Images.xcassets in Resources */ = {isa = PBXBuildFile; fileRef = 261A324C1B8E0DA7007CF361 /* Images.xcassets */; };
		261A32501B8E0DA7007CF361 /* LaunchScreen.xib in Resources */ = {isa = PBXBuildFile; fileRef = 261A324E1B8E0DA7007CF361 /* LaunchScreen.xib */; };
		261A325C1B8E0DA7007CF361 /* BottomTableTests.m in Sources */ = {isa = PBXBuildFile; fileRef = 261A325B1B8E0DA7007CF361 /* BottomTableTests.m */; };
/* End PBXBuildFile section */

/* Begin PBXContainerItemProxy section */
		261A32561B8E0DA7007CF361 /* PBXContainerItemProxy */ = {
			isa = PBXContainerItemProxy;
			containerPortal = 261A32341B8E0DA7007CF361 /* Project object */;
			proxyType = 1;
			remoteGlobalIDString = 261A323B1B8E0DA7007CF361;
			remoteInfo = BottomTable;
		};
/* End PBXContainerItemProxy section */

/* Begin PBXFileReference section */
		261A323C1B8E0DA7007CF361 /* BottomTable.app */ = {isa = PBXFileReference; explicitFileType = wrapper.application; includeInIndex = 0; path = BottomTable.app; sourceTree = BUILT_PRODUCTS_DIR; };
		261A32401B8E0DA7007CF361 /* Info.plist */ = {isa = PBXFileReference; lastKnownFileType = text.plist.xml; path = Info.plist; sourceTree = "<group>"; };
		261A32411B8E0DA7007CF361 /* main.m */ = {isa = PBXFileReference; lastKnownFileType = sourcecode.c.objc; path = main.m; sourceTree = "<group>"; };
		261A32431B8E0DA7007CF361 /* AppDelegate.h */ = {isa = PBXFileReference; lastKnownFileType = sourcecode.c.h; path = AppDelegate.h; sourceTree = "<group>"; };
		261A32441B8E0DA7007CF361 /* AppDelegate.m */ = {isa = PBXFileReference; lastKnownFileType = sourcecode.c.objc; path = AppDelegate.m; sourceTree = "<group>"; };
		261A32461B8E0DA7007CF361 /* ViewController.h */ = {isa = PBXFileReference; lastKnownFileType = sourcecode.c.h; path = ViewController.h; sourceTree = "<group>"; };
		261A32471B8E0DA7007CF361 /* ViewController.m */ = {isa = PBXFileReference; lastKnownFileType = sourcecode.c.objc; path = ViewController.m; sourceTree = "<group>"; };
		261A324A1B8E0DA7007CF361 /* Base */ = {isa = PBXFileReference; lastKnownFileType = file.storyboard; name = Base; path = Base.lproj/Main.storyboard; sourceTree = "<group>"; };
		261A324C1B8E0DA7007CF361 /* Images.xcassets */ = {isa = PBXFileReference; lastKnownFileType = folder.assetcatalog; path = Images.xcassets; sourceTree = "<group>"; };
		261A324F1B8E0DA7007CF361 /* Base */ = {isa = PBXFileReference; lastKnownFileType = file.xib; name = Base; path = Base.lproj/LaunchScreen.xib; sourceTree = "<group>"; };
		261A32551B8E0DA7007CF361 /* BottomTableTests.xctest */ = {isa = PBXFileReference; explicitFileType = wrapper.cfbundle; includeInIndex = 0; path = BottomTableTests.xctest; sourceTree = BUILT_PRODUCTS_DIR; };
		261A325A1B8E0DA7007CF361 /* Info.plist */ = {isa = PBXFileReference; lastKnownFileType = text.plist.xml; path = Info.plist; sourceTree = "<group>"; };
		261A325B1B8E0DA7007CF361 /* BottomTableTests.m */ = {isa = PBXFileReference; lastKnownFileType = sourcecode.c.objc; path = BottomTableTests.m; sourceTree = "<group>"; };
/* End PBXFileReference section */

/* Begin PBXFrameworksBuildPhase section */
		261A32391B8E0DA7007CF361 /* Frameworks */ = {
			isa = PBXFrameworksBuildPhase;
			buildActionMask = 2147483647;
			files = (
			);
			runOnlyForDeploymentPostprocessing = 0;
		};
		261A32521B8E0DA7007CF361 /* Frameworks */ = {
			isa = PBXFrameworksBuildPhase;
			buildActionMask = 2147483647;
			files = (
			);
			runOnlyForDeploymentPostprocessing = 0;
		};
/* End PBXFrameworksBuildPhase section */

/* Begin PBXGroup section */
		261A32331B8E0DA7007CF361 = {
			isa = PBXGroup;
			children = (
				261A323E1B8E0DA7007CF361 /* BottomTable */,
				261A32581B8E0DA7007CF361 /* BottomTableTests */,
				261A323D1B8E0DA7007CF361 /* Products */,
			);
			sourceTree = "<group>";
		};
		261A323D1B8E0DA7007CF361 /* Products */ = {
			isa = PBXGroup;
			children = (
				261A323C1B8E0DA7007CF361 /* BottomTable.app */,
				261A32551B8E0DA7007CF361 /* BottomTableTests.xctest */,
			);
			name = Products;
			sourceTree = "<group>";
		};
		261A323E1B8E0DA7007CF361 /* BottomTable */ = {
			isa = PBXGroup;
			children = (
				261A32431B8E0DA7007CF361 /* AppDelegate.h */,
				261A32441B8E0DA7007CF361 /* AppDelegate.m */,
				261A32461B8E0DA7007CF361 /* ViewController.h */,
				261A32471B8E0DA7007CF361 /* ViewController.m */,
				261A32491B8E0DA7007CF361 /* Main.storyboard */,
				261A324C1B8E0DA7007CF361 /* Images.xcassets */,
				261A324E1B8E0DA7007CF361 /* LaunchScreen.xib */,
				261A323F1B8E0DA7007CF361 /* Supporting Files */,
			);
			path = BottomTable;
			sourceTree = "<group>";
		};
		261A323F1B8E0DA7007CF361 /* Supporting Files */ = {
			isa = PBXGroup;
			children = (
				261A32401B8E0DA7007CF361 /* Info.plist */,
				261A32411B8E0DA7007CF361 /* main.m */,
			);
			name = "Supporting Files";
			sourceTree = "<group>";
		};
		261A32581B8E0DA7007CF361 /* BottomTableTests */ = {
			isa = PBXGroup;
			children = (
				261A325B1B8E0DA7007CF361 /* BottomTableTests.m */,
				261A32591B8E0DA7007CF361 /* Supporting Files */,
			);
			path = BottomTableTests;
			sourceTree = "<group>";
		};
		261A32591B8E0DA7007CF361 /* Supporting Files */ = {
			isa = PBXGroup;
			children = (
				261A325A1B8E0DA7007CF361 /* Info.plist */,
			);
			name = "Supporting Files";
			sourceTree = "<group>";
		};
/* End PBXGroup section */

/* Begin PBXNativeTarget section */
		261A323B1B8E0DA7007CF361 /* BottomTable */ = {
			isa = PBXNativeTarget;
			buildConfigurationList = 261A325F1B8E0DA7007CF361 /* Build configuration list for PBXNativeTarget "BottomTable" */;
			buildPhases = (
				261A32381B8E0DA7007CF361 /* Sources */,
				261A32391B8E0DA7007CF361 /* Frameworks */,
				261A323A1B8E0DA7007CF361 /* Resources */,
			);
			buildRules = (
			);
			dependencies = (
			);
			name = BottomTable;
			productName = BottomTable;
			productReference = 261A323C1B8E0DA7007CF361 /* BottomTable.app */;
			productType = "com.apple.product-type.application";
		};
		261A32541B8E0DA7007CF361 /* BottomTableTests */ = {
			isa = PBXNativeTarget;
			buildConfigurationList = 261A32621B8E0DA7007CF361 /* Build configuration list for PBXNativeTarget "BottomTableTests" */;
			buildPhases = (
				261A32511B8E0DA7007CF361 /* Sources */,
				261A32521B8E0DA7007CF361 /* Frameworks */,
				261A32531B8E0DA7007CF361 /* Resources */,
			);
			buildRules = (
			);
			dependencies = (
				261A32571B8E0DA7007CF361 /* PBXTargetDependency */,
			);
			name = BottomTableTests;
			productName = BottomTableTests;
			productReference = 261A32551B8E0DA7007CF361 /* BottomTableTests.xctest */;
			productType = "com.apple.product-type.bundle.unit-test";
		};
/* End PBXNativeTarget section */

/* Begin PBXProject section */
		261A32341B8E0DA7007CF361 /* Project object */ = {
			isa = PBXProject;
			attributes = {
				LastUpgradeCheck = 0640;
				ORGANIZATIONNAME = Acme;
				TargetAttributes = {
					261A323B1B8E0DA7007CF361 = {
						CreatedOnToolsVersion = 6.4;
					};
					261A32541B8E0DA7007CF361 = {
						CreatedOnToolsVersion = 6.4;
						TestTargetID = 261A323B1B8E0DA7007CF361;
					};
				};
			};
			buildConfigurationList = 261A32371B8E0DA7007CF361 /* Build configuration list for PBXProject "BottomTable" */;
			compatibilityVersion = "Xcode 3.2";
			developmentRegion = English;
			hasScannedForEncodings = 0;
			knownRegions = (
				en,
				Base,
			);
			mainGroup = 261A32331B8E0DA7007CF361;
			productRefGroup = 261A323D1B8E0DA7007CF361 /* Products */;
			projectDirPath = "";
			projectRoot = "";
			targets = (
				261A323B1B8E0DA7007CF361 /* BottomTable */,
				261A32541B8E0DA7007CF361 /* BottomTableTests */,
			);
		};
/* End PBXProject section */

/* Begin PBXResourcesBuildPhase section */
		261A323A1B8E0DA7007CF361 /* Resources */ = {
			isa = PBXResourcesBuildPhase;
			buildActionMask = 2147483647;
			files = (
				261A324B1B8E0DA7007CF361 /* Main.storyboard in Resources */,
				261A32501B8E0DA7007CF361 /* LaunchScreen.xib in Resources */,
				261A324D1B8E0DA7007CF361 /* Images.xcassets in Resources */,
			);
			runOnlyForDeploymentPostprocessing = 0;
		};
		261A32531B8E0DA7007CF361 /* Resources */ = {
			isa = PBXResourcesBuildPhase;
			buildActionMask = 2147483647;
			files = (
			);
			runOnlyForDeploymentPostprocessing = 0;
		};
/* End PBXResourcesBuildPhase section */

/* Begin PBXSourcesBuildPhase section */
		261A32381B8E0DA7007CF361 /* Sources */ = {
			isa = PBXSourcesBuildPhase;
			buildActionMask = 2147483647;
			files = (
				261A32481B8E0DA7007CF361 /* ViewController.m in Sources */,
				261A32451B8E0DA7007CF361 /* AppDelegate.m in Sources */,
				261A32421B8E0DA7007CF361 /* main.m in Sources */,
			);
			runOnlyForDeploymentPostprocessing = 0;
		};
		261A32511B8E0DA7007CF361 /* Sources */ = {
			isa = PBXSourcesBuildPhase;
			buildActionMask = 2147483647;
			files = (
				261A325C1B8E0DA7007CF361 /* BottomTableTests.m in Sources */,
			);
			runOnlyForDeploymentPostprocessing = 0;
		};
/* End PBXSourcesBuildPhase section */

/* Begin PBXTargetDependency section */
		261A32571B8E0DA7007CF361 /* PBXTargetDependency */ = {
			isa = PBXTargetDependency;
			target = 261A323B1B8E0DA7007CF361 /* BottomTable */;
			targetProxy = 261A32561B8E0DA7007CF361 /* PBXContainerItemProxy */;
		};
/* End PBXTargetDependency section */

/* Begin PBXVariantGroup section */
		261A32491B8E0DA7007CF361 /* Main.storyboard */ = {
			isa = PBXVariantGroup;
			children = (
				261A324A1B8E0DA7007CF361 /* Base */,
			);
			name = Main.storyboard;
			sourceTree = "<group>";
		};
		261A324E1B8E0DA7007CF361 /* LaunchScreen.xib */ = {
			isa = PBXVariantGroup;
			children = (
				261A324F1B8E0DA7007CF361 /* Base */,
			);
			name = LaunchScreen.xib;
			sourceTree = "<group>";
		};
/* End PBXVariantGroup section */

/* Begin XCBuildConfiguration section */
		261A325D1B8E0DA7007CF361 /* Debug */ = {
			isa = XCBuildConfiguration;
			buildSettings = {
				ALWAYS_SEARCH_USER_PATHS = NO;
				CLANG_CXX_LANGUAGE_STANDARD = "gnu++0x";
				CLANG_CXX_LIBRARY = "libc++";
				CLANG_ENABLE_MODULES = YES;
				CLANG_ENABLE_OBJC_ARC = YES;
				CLANG_WARN_BOOL_CONVERSION = YES;
				CLANG_WARN_CONSTANT_CONVERSION = YES;
				CLANG_WARN_DIRECT_OBJC_ISA_USAGE = YES_ERROR;
				CLANG_WARN_EMPTY_BODY = YES;
				CLANG_WARN_ENUM_CONVERSION = YES;
				CLANG_WARN_INT_CONVERSION = YES;
				CLANG_WARN_OBJC_ROOT_CLASS = YES_ERROR;
				CLANG_WARN_UNREACHABLE_CODE = YES;
				CLANG_WARN__DUPLICATE_METHOD_MATCH = YES;
				"CODE_SIGN_IDENTITY[sdk=iphoneos*]" = "iPhone Developer";
				COPY_PHASE_STRIP = NO;
				DEBUG_INFORMATION_FORMAT = "dwarf-with-dsym";
				ENABLE_STRICT_OBJC_MSGSEND = YES;
				GCC_C_LANGUAGE_STANDARD = gnu99;
				GCC_DYNAMIC_NO_PIC = NO;
				GCC_NO_COMMON_BLOCKS = YES;
				GCC_OPTIMIZATION_LEVEL = 0;
				GCC_PREPROCESSOR_DEFINITIONS = (
					"DEBUG=1",
					"$(inherited)",
				);
				GCC_SYMBOLS_PRIVATE_EXTERN = NO;
				GCC_WARN_64_TO_32_BIT_CONVERSION = YES;
				GCC_WARN_ABOUT_RETURN_TYPE = YES_ERROR;
				GCC_WARN_UNDECLARED_SELECTOR = YES;
				GCC_WARN_UNINITIALIZED_AUTOS = YES_AGGRESSIVE;
				GCC_WARN_UNUSED_FUNCTION = YES;
				GCC_WARN_UNUSED_VARIABLE = YES;
				IPHONEOS_DEPLOYMENT_TARGET = 8.4;
				MTL_ENABLE_DEBUG_INFO = YES;
				ONLY_ACTIVE_ARCH = YES;
				SDKROOT = iphoneos;
				TARGETED_DEVICE_FAMILY = "1,2";
			};
			name = Debug;
		};
		261A325E1B8E0DA7007CF361 /* Release */ = {
			isa = XCBuildConfiguration;
			buildSettings = {
				ALWAYS_SEARCH_USER_PATHS = NO;
				CLANG_CXX_LANGUAGE_STANDARD = "gnu++0x";
				CLANG_CXX_LIBRARY = "libc++";
				CLANG_ENABLE_MODULES = YES;
				CLANG_ENABLE_OBJC_ARC = YES;
				CLANG_WARN_BOOL_CONVERSION = YES;
				CLANG_WARN_CONSTANT_CONVERSION = YES;
				CLANG_WARN_DIRECT_OBJC_ISA_USAGE = YES_ERROR;
				CLANG_WARN_EMPTY_BODY = YES;
				CLANG_WARN_ENUM_CONVERSION = YES;
				CLANG_WARN_INT_CONVERSION = YES;
				CLANG_WARN_OBJC_ROOT_CLASS = YES_ERROR;
				CLANG_WARN_UNREACHABLE_CODE = YES;
				CLANG_WARN__DUPLICATE_METHOD_MATCH = YES;
				"CODE_SIGN_IDENTITY[sdk=iphoneos*]" = "iPhone Developer";
				COPY_PHASE_STRIP = NO;
				DEBUG_INFORMATION_FORMAT = "dwarf-with-dsym";
				ENABLE_NS_ASSERTIONS = NO;
				ENABLE_STRICT_OBJC_MSGSEND = YES;
				GCC_C_LANGUAGE_STANDARD = gnu99;
				GCC_NO_COMMON_BLOCKS = YES;
				GCC_WARN_64_TO_32_BIT_CONVERSION = YES;
				GCC_WARN_ABOUT_RETURN_TYPE = YES_ERROR;
				GCC_WARN_UNDECLARED_SELECTOR = YES;
				GCC_WARN_UNINITIALIZED_AUTOS = YES_AGGRESSIVE;
				GCC_WARN_UNUSED_FUNCTION = YES;
				GCC_WARN_UNUSED_VARIABLE = YES;
				IPHONEOS_DEPLOYMENT_TARGET = 8.4;
				MTL_ENABLE_DEBUG_INFO = NO;
				SDKROOT = iphoneos;
				TARGETED_DEVICE_FAMILY = "1,2";
				VALIDATE_PRODUCT = YES;
			};
			name = Release;
		};
		261A32601B8E0DA7007CF361 /* Debug */ = {
			isa = XCBuildConfiguration;
			buildSettings = {
				ASSETCATALOG_COMPILER_APPICON_NAME = AppIcon;
				INFOPLIST_FILE = BottomTable/Info.plist;
				LD_RUNPATH_SEARCH_PATHS = "$(inherited) @executable_path/Frameworks";
				PRODUCT_NAME = "$(TARGET_NAME)";
			};
			name = Debug;
		};
		261A32611B8E0DA7007CF361 /* Release */ = {
			isa = XCBuildConfiguration;
			buildSettings = {
				ASSETCATALOG_COMPILER_APPICON_NAME = AppIcon;
				INFOPLIST_FILE = BottomTable/Info.plist;
				LD_RUNPATH_SEARCH_PATHS = "$(inherited) @executable_path/Frameworks";
				PRODUCT_NAME = "$(TARGET_NAME)";
			};
			name = Release;
		};
		261A32631B8E0DA7007CF361 /* Debug */ = {
			isa = XCBuildConfiguration;
			buildSettings = {
				BUNDLE_LOADER = "$(TEST_HOST)";
				FRAMEWORK_SEARCH_PATHS = (
					"$(SDKROOT)/Developer/Library/Frameworks",
					"$(inherited)",
				);
				GCC_PREPROCESSOR_DEFINITIONS = (
					"DEBUG=1",
					"$(inherited)",
				);
				INFOPLIST_FILE = BottomTableTests/Info.plist;
				LD_RUNPATH_SEARCH_PATHS = "$(inherited) @executable_path/Frameworks @loader_path/Frameworks";
				PRODUCT_NAME = "$(TARGET_NAME)";
				TEST_HOST = "$(BUILT_PRODUCTS_DIR)/BottomTable.app/BottomTable";
			};
			name = Debug;
		};
		261A32641B8E0DA7007CF361 /* Release */ = {
			isa = XCBuildConfiguration;
			buildSettings = {
				BUNDLE_LOADER = "$(TEST_HOST)";
				FRAMEWORK_SEARCH_PATHS = (
					"$(SDKROOT)/Developer/Library/Frameworks",
					"$(inherited)",
				);
				INFOPLIST_FILE = BottomTableTests/Info.plist;
				LD_RUNPATH_SEARCH_PATHS = "$(inherited) @executable_path/Frameworks @loader_path/Frameworks";
				PRODUCT_NAME = "$(TARGET_NAME)";
				TEST_HOST = "$(BUILT_PRODUCTS_DIR)/BottomTable.app/BottomTable";
			};
			name = Release;
		};
/* End XCBuildConfiguration section */

/* Begin XCConfigurationList section */
		261A32371B8E0DA7007CF361 /* Build configuration list for PBXProject "BottomTable" */ = {
			isa = XCConfigurationList;
			buildConfigurations = (
				261A325D1B8E0DA7007CF361 /* Debug */,
				261A325E1B8E0DA7007CF361 /* Release */,
			);
			defaultConfigurationIsVisible = 0;
			defaultConfigurationName = Release;
		};
		261A325F1B8E0DA7007CF361 /* Build configuration list for PBXNativeTarget "BottomTable" */ = {
			isa = XCConfigurationList;
			buildConfigurations = (
				261A32601B8E0DA7007CF361 /* Debug */,
				261A32611B8E0DA7007CF361 /* Release */,
			);
			defaultConfigurationIsVisible = 0;
		};
		261A32621B8E0DA7007CF361 /* Build configuration list for PBXNativeTarget "BottomTableTests" */ = {
			isa = XCConfigurationList;
			buildConfigurations = (
				261A32631B8E0DA7007CF361 /* Debug */,
				261A32641B8E0DA7007CF361 /* Release */,
			);
			defaultConfigurationIsVisible = 0;
		};
/* End XCConfigurationList section */
	};
	rootObject = 261A32341B8E0DA7007CF361 /* Project object */;
}
